
Microsoft Visual Studio Solution File, Format Version 12.00
# Visual Studio Version 17
VisualStudioVersion = 17.0.31903.59
MinimumVisualStudioVersion = 10.0.40219.1
Project("{FAE04EC0-301F-11D3-BF4B-00C04F79EFBC}") = "AI-Basic-Todo-List", "BasicToDoList\AI-Basic-Todo-List.csproj", "{40C6CC15-D607-4A8B-A36C-2C95CD5B5E83}"
EndProject
Project("{FAE04EC0-301F-11D3-BF4B-00C04F79EFBC}") = "SimpleTaskManager", "SimpleTaskManager\SimpleTaskManager.csproj", "{3AD99ADF-9BC5-4930-B7D9-4C9ED5CA0269}"
EndProject
Global
	GlobalSection(SolutionConfigurationPlatforms) = preSolution
		Debug|Any CPU = Debug|Any CPU
		Release|Any CPU = Release|Any CPU
	EndGlobalSection
	GlobalSection(SolutionProperties) = preSolution
		HideSolutionNode = FALSE
	EndGlobalSection
	GlobalSection(ProjectConfigurationPlatforms) = postSolution
		{40C6CC15-D607-4A8B-A36C-2C95CD5B5E83}.Debug|Any CPU.ActiveCfg = Debug|Any CPU
		{40C6CC15-D607-4A8B-A36C-2C95CD5B5E83}.Debug|Any CPU.Build.0 = Debug|Any CPU
		{40C6CC15-D607-4A8B-A36C-2C95CD5B5E83}.Release|Any CPU.ActiveCfg = Release|Any CPU
		{40C6CC15-D607-4A8B-A36C-2C95CD5B5E83}.Release|Any CPU.Build.0 = Release|Any CPU
		{3AD99ADF-9BC5-4930-B7D9-4C9ED5CA0269}.Debug|Any CPU.ActiveCfg = Debug|Any CPU
		{3AD99ADF-9BC5-4930-B7D9-4C9ED5CA0269}.Debug|Any CPU.Build.0 = Debug|Any CPU
		{3AD99ADF-9BC5-4930-B7D9-4C9ED5CA0269}.Release|Any CPU.ActiveCfg = Release|Any CPU
		{3AD99ADF-9BC5-4930-B7D9-4C9ED5CA0269}.Release|Any CPU.Build.0 = Release|Any CPU
	EndGlobalSection
EndGlobal
